
Microsoft Visual Studio Solution File, Format Version 12.00
# Visual Studio 14
VisualStudioVersion = 14.0.25420.1
MinimumVisualStudioVersion = 10.0.40219.1
Project("{FAE04EC0-301F-11D3-BF4B-00C04F79EFBC}") = "Innovation4Austria.web", "Innovation4Austria.web\Innovation4Austria.web.csproj", "{98DC1191-3411-44C4-9A36-5ABA4350E6B7}"
EndProject
Project("{FAE04EC0-301F-11D3-BF4B-00C04F79EFBC}") = "Innovation4Austria.logic", "Innovation4Austria.logic\Innovation4Austria.logic.csproj", "{BF513080-A4D3-4432-A161-9D9BBF7AC257}"
EndProject
Project("{FAE04EC0-301F-11D3-BF4B-00C04F79EFBC}") = "Innovation4Austria.test", "Innovation4Austria.test\Innovation4Austria.test.csproj", "{DD57FD64-9E7D-4B21-A162-4073075F491B}"
EndProject
Project("{FAE04EC0-301F-11D3-BF4B-00C04F79EFBC}") = "Innovation4Austria.authentification", "Innovation4Austria.authentification\Innovation4Austria.authentification.csproj", "{1B63C384-373A-4F7E-84DF-8EAD14A60003}"
EndProject
Global
	GlobalSection(SolutionConfigurationPlatforms) = preSolution
		Debug|Any CPU = Debug|Any CPU
		Release|Any CPU = Release|Any CPU
	EndGlobalSection
	GlobalSection(ProjectConfigurationPlatforms) = postSolution
		{98DC1191-3411-44C4-9A36-5ABA4350E6B7}.Debug|Any CPU.ActiveCfg = Debug|Any CPU
		{98DC1191-3411-44C4-9A36-5ABA4350E6B7}.Debug|Any CPU.Build.0 = Debug|Any CPU
		{98DC1191-3411-44C4-9A36-5ABA4350E6B7}.Release|Any CPU.ActiveCfg = Release|Any CPU
		{98DC1191-3411-44C4-9A36-5ABA4350E6B7}.Release|Any CPU.Build.0 = Release|Any CPU
		{BF513080-A4D3-4432-A161-9D9BBF7AC257}.Debug|Any CPU.ActiveCfg = Debug|Any CPU
		{BF513080-A4D3-4432-A161-9D9BBF7AC257}.Debug|Any CPU.Build.0 = Debug|Any CPU
		{BF513080-A4D3-4432-A161-9D9BBF7AC257}.Release|Any CPU.ActiveCfg = Release|Any CPU
		{BF513080-A4D3-4432-A161-9D9BBF7AC257}.Release|Any CPU.Build.0 = Release|Any CPU
		{DD57FD64-9E7D-4B21-A162-4073075F491B}.Debug|Any CPU.ActiveCfg = Debug|Any CPU
		{DD57FD64-9E7D-4B21-A162-4073075F491B}.Debug|Any CPU.Build.0 = Debug|Any CPU
		{DD57FD64-9E7D-4B21-A162-4073075F491B}.Release|Any CPU.ActiveCfg = Release|Any CPU
		{DD57FD64-9E7D-4B21-A162-4073075F491B}.Release|Any CPU.Build.0 = Release|Any CPU
		{1B63C384-373A-4F7E-84DF-8EAD14A60003}.Debug|Any CPU.ActiveCfg = Debug|Any CPU
		{1B63C384-373A-4F7E-84DF-8EAD14A60003}.Debug|Any CPU.Build.0 = Debug|Any CPU
		{1B63C384-373A-4F7E-84DF-8EAD14A60003}.Release|Any CPU.ActiveCfg = Release|Any CPU
		{1B63C384-373A-4F7E-84DF-8EAD14A60003}.Release|Any CPU.Build.0 = Release|Any CPU
	EndGlobalSection
	GlobalSection(SolutionProperties) = preSolution
		HideSolutionNode = FALSE
	EndGlobalSection
EndGlobal
