
Microsoft Visual Studio Solution File, Format Version 12.00
# Visual Studio 14
VisualStudioVersion = 14.0.25420.1
MinimumVisualStudioVersion = 10.0.40219.1
Project("{FAE04EC0-301F-11D3-BF4B-00C04F79EFBC}") = "DatenManipulation.web", "DatenManipulation.web\DatenManipulation.web.csproj", "{60356DC7-8C13-4E02-9DDA-8B309280BBE1}"
EndProject
Project("{FAE04EC0-301F-11D3-BF4B-00C04F79EFBC}") = "DatenManipulation.logic", "DatenManipulation.logic\DatenManipulation.logic.csproj", "{BBF00AFE-D1E6-4AB8-BE3F-341CE6A4AE01}"
EndProject
Global
	GlobalSection(SolutionConfigurationPlatforms) = preSolution
		Debug|Any CPU = Debug|Any CPU
		Release|Any CPU = Release|Any CPU
	EndGlobalSection
	GlobalSection(ProjectConfigurationPlatforms) = postSolution
		{60356DC7-8C13-4E02-9DDA-8B309280BBE1}.Debug|Any CPU.ActiveCfg = Debug|Any CPU
		{60356DC7-8C13-4E02-9DDA-8B309280BBE1}.Debug|Any CPU.Build.0 = Debug|Any CPU
		{60356DC7-8C13-4E02-9DDA-8B309280BBE1}.Release|Any CPU.ActiveCfg = Release|Any CPU
		{60356DC7-8C13-4E02-9DDA-8B309280BBE1}.Release|Any CPU.Build.0 = Release|Any CPU
		{BBF00AFE-D1E6-4AB8-BE3F-341CE6A4AE01}.Debug|Any CPU.ActiveCfg = Debug|Any CPU
		{BBF00AFE-D1E6-4AB8-BE3F-341CE6A4AE01}.Debug|Any CPU.Build.0 = Debug|Any CPU
		{BBF00AFE-D1E6-4AB8-BE3F-341CE6A4AE01}.Release|Any CPU.ActiveCfg = Release|Any CPU
		{BBF00AFE-D1E6-4AB8-BE3F-341CE6A4AE01}.Release|Any CPU.Build.0 = Release|Any CPU
	EndGlobalSection
	GlobalSection(SolutionProperties) = preSolution
		HideSolutionNode = FALSE
	EndGlobalSection
EndGlobal
